github.com/evenlab/go-kit/bytes v1.1.0 h1:dGUslUP5D+4muercJoBIgs5CEH2Hg6HVmjstT3nl6JE=
github.com/evenlab/go-kit/bytes v1.1.0/go.mod h1:4BDS18rF85v37MvuwDBbVCYEqowcLZhxFKw9bW8rbms=
github.com/evenlab/go-kit/errors v1.1.0 h1:DjJVtJt2e6VzAofGYO1wEYfJh0iGUwc0BsHTUUPWmOs=
github.com/evenlab/go-kit/errors v1.1.0/go.mod h1:i49TuO9TS/ZpuGzb0NlT0eXqcsdSYJccD4F8sOo4PnY=
