github.com/evenlab/go-kit/bytes v0.0.0-20220321103424-135ba74d3a4f h1:m/wGOuWt3cCCnIjLH7ZmTi/Uc6sXl98fOSe0OpcVxGI=
github.com/evenlab/go-kit/bytes v0.0.0-20220321103424-135ba74d3a4f/go.mod h1:+pGp9qiBOTf2Up8qOLLyaYGJqyykblzgqRyC7rIfvWM=
github.com/evenlab/go-kit/errors v0.0.0-20220320201839-336d095e4a08 h1:Sxng6FbFAb2IljuNR+jzOaQ+8CJ0OOUs8F5Xor5+YZc=
github.com/evenlab/go-kit/errors v0.0.0-20220320201839-336d095e4a08/go.mod h1:v78izEg5BzsByKcU7NfmTX8uxltGC8xOUJMqkrlz1Ds=
