github.com/evenlab/go-kit/bytes v0.0.0-20220320185803-061cf189fe6b h1:qQCGrC0Iig9c+PDBm8VvrC+Rso8I0Z6sQ8GIcElpmBM=
github.com/evenlab/go-kit/bytes v0.0.0-20220320185803-061cf189fe6b/go.mod h1:5Hhn44Zjmn+s7G1qsnfmMG2LEJAeaFUb+oTDS2+5Nwk=
github.com/evenlab/go-kit/errors v0.0.0-20220320140315-4e895bd8d31a/go.mod h1:v78izEg5BzsByKcU7NfmTX8uxltGC8xOUJMqkrlz1Ds=
github.com/evenlab/go-kit/errors v0.0.0-20220320185803-061cf189fe6b h1:d5tcOZz3HOkMqR5E/rAvep//K9yxGKOXJv4SENa1oZU=
github.com/evenlab/go-kit/errors v0.0.0-20220320185803-061cf189fe6b/go.mod h1:v78izEg5BzsByKcU7NfmTX8uxltGC8xOUJMqkrlz1Ds=
