github.com/evenlab/go-kit/bytes v0.0.0-20220320195001-da35e126ef29 h1:hdzHe7+bwxrUYkBvHmezHNepQJHtdCP+UW9onV0rwAA=
github.com/evenlab/go-kit/bytes v0.0.0-20220320195001-da35e126ef29/go.mod h1:kbg39NM/0VkQgqkA/RNBfFMFL4XEcGYPReUyq3LjoBY=
github.com/evenlab/go-kit/errors v0.0.0-20220320192856-2a7bf0161ac9 h1:uaOT6g242nh/7ocG78WxMEkE4c9PV5ZFlNtB5NyZXMk=
github.com/evenlab/go-kit/errors v0.0.0-20220320192856-2a7bf0161ac9/go.mod h1:v78izEg5BzsByKcU7NfmTX8uxltGC8xOUJMqkrlz1Ds=
